
Microsoft Visual Studio Solution File, Format Version 12.00
# Visual Studio Version 16
VisualStudioVersion = 16.0.33130.400
MinimumVisualStudioVersion = 10.0.40219.1
Project("{FAE04EC0-301F-11D3-BF4B-00C04F79EFBC}") = "Rock Paper Scissors", "Rock Paper Scissors\Rock Paper Scissors.csproj", "{CCA2EB8F-1655-480F-98B7-D84955C7EAB9}"
EndProject
Global
	GlobalSection(SolutionConfigurationPlatforms) = preSolution
		Debug|Any CPU = Debug|Any CPU
		Release|Any CPU = Release|Any CPU
	EndGlobalSection
	GlobalSection(ProjectConfigurationPlatforms) = postSolution
		{CCA2EB8F-1655-480F-98B7-D84955C7EAB9}.Debug|Any CPU.ActiveCfg = Debug|Any CPU
		{CCA2EB8F-1655-480F-98B7-D84955C7EAB9}.Debug|Any CPU.Build.0 = Debug|Any CPU
		{CCA2EB8F-1655-480F-98B7-D84955C7EAB9}.Release|Any CPU.ActiveCfg = Release|Any CPU
		{CCA2EB8F-1655-480F-98B7-D84955C7EAB9}.Release|Any CPU.Build.0 = Release|Any CPU
	EndGlobalSection
	GlobalSection(SolutionProperties) = preSolution
		HideSolutionNode = FALSE
	EndGlobalSection
	GlobalSection(ExtensibilityGlobals) = postSolution
		SolutionGuid = {12C368F9-6FEA-4A84-9BCF-7889706F5C86}
	EndGlobalSection
EndGlobal
